
Microsoft Visual Studio Solution File, Format Version 12.00
# Visual Studio 2013
VisualStudioVersion = 12.0.21005.1
MinimumVisualStudioVersion = 10.0.40219.1
Project("{E24C65DC-7377-472B-9ABA-BC803B73C61A}") = "Yemek_Tarifleri(1)", "http://localhost:50741", "{FB457443-1FEB-4E35-B6E1-4D932941E188}"
	ProjectSection(WebsiteProperties) = preProject
		UseIISExpress = "true"
		TargetFrameworkMoniker = ".NETFramework,Version%3Dv4.5"
		Debug.AspNetCompiler.VirtualPath = "/localhost_50741"
		Debug.AspNetCompiler.PhysicalPath = "..\..\..\..\OneDrive - Cell Solutions\Desktop\Modern Web Development Course\ASP.NET\Yemek_Tarifleri\"
		Debug.AspNetCompiler.TargetPath = "PrecompiledWeb\localhost_50741\"
		Debug.AspNetCompiler.Updateable = "true"
		Debug.AspNetCompiler.ForceOverwrite = "true"
		Debug.AspNetCompiler.FixedNames = "false"
		Debug.AspNetCompiler.Debug = "True"
		Release.AspNetCompiler.VirtualPath = "/localhost_50741"
		Release.AspNetCompiler.PhysicalPath = "..\..\..\..\OneDrive - Cell Solutions\Desktop\Modern Web Development Course\ASP.NET\Yemek_Tarifleri\"
		Release.AspNetCompiler.TargetPath = "PrecompiledWeb\localhost_50741\"
		Release.AspNetCompiler.Updateable = "true"
		Release.AspNetCompiler.ForceOverwrite = "true"
		Release.AspNetCompiler.FixedNames = "false"
		Release.AspNetCompiler.Debug = "False"
		SlnRelativePath = "..\..\..\..\OneDrive - Cell Solutions\Desktop\Modern Web Development Course\ASP.NET\Yemek_Tarifleri\"
	EndProjectSection
EndProject
Global
	GlobalSection(SolutionConfigurationPlatforms) = preSolution
		Debug|Any CPU = Debug|Any CPU
	EndGlobalSection
	GlobalSection(ProjectConfigurationPlatforms) = postSolution
		{FB457443-1FEB-4E35-B6E1-4D932941E188}.Debug|Any CPU.ActiveCfg = Debug|Any CPU
		{FB457443-1FEB-4E35-B6E1-4D932941E188}.Debug|Any CPU.Build.0 = Debug|Any CPU
	EndGlobalSection
	GlobalSection(SolutionProperties) = preSolution
		HideSolutionNode = FALSE
	EndGlobalSection
EndGlobal
